
Microsoft Visual Studio Solution File, Format Version 12.00
# Visual Studio Version 17
VisualStudioVersion = 17.0.31903.59
MinimumVisualStudioVersion = 10.0.40219.1
Project("{FAE04EC0-301F-11D3-BF4B-00C04F79EFBC}") = "BookingSystem.Domain", "BookingSystem.Domain\BookingSystem.Domain.csproj", "{D33BCECF-FC78-4254-A7A1-B2AC9A7CA354}"
EndProject
Project("{FAE04EC0-301F-11D3-BF4B-00C04F79EFBC}") = "BookingSystem.Application", "BookingSystem.Application\BookingSystem.Application.csproj", "{95DDE1DE-1FD4-44F5-94A3-0D9F6AD47DBE}"
EndProject
Project("{FAE04EC0-301F-11D3-BF4B-00C04F79EFBC}") = "BookingSystem.Infrastructure", "BookingSystem.Infrastructure\BookingSystem.Infrastructure.csproj", "{09225B77-4FEE-4CC7-8D05-8D489629A1B2}"
EndProject
Project("{FAE04EC0-301F-11D3-BF4B-00C04F79EFBC}") = "BookingSystem.API", "BookingSystem.API\BookingSystem.API.csproj", "{5BB3ADCA-F27F-43A1-8412-D162B10574D6}"
EndProject
Project("{FAE04EC0-301F-11D3-BF4B-00C04F79EFBC}") = "BookingSystem.UnitTests", "BookingSystem.UnitTests\BookingSystem.UnitTests.csproj", "{9985BD1D-A35B-416A-98C4-8A19132AA4AB}"
EndProject
Project("{FAE04EC0-301F-11D3-BF4B-00C04F79EFBC}") = "BookingSystem.IntegrationTests", "BookingSystem.IntegrationTests\BookingSystem.IntegrationTests.csproj", "{801EC3BA-2A4A-4A83-A028-095F885C2920}"
EndProject
Global
	GlobalSection(SolutionConfigurationPlatforms) = preSolution
		Debug|Any CPU = Debug|Any CPU
		Debug|x64 = Debug|x64
		Debug|x86 = Debug|x86
		Release|Any CPU = Release|Any CPU
		Release|x64 = Release|x64
		Release|x86 = Release|x86
	EndGlobalSection
	GlobalSection(ProjectConfigurationPlatforms) = postSolution
		{D33BCECF-FC78-4254-A7A1-B2AC9A7CA354}.Debug|Any CPU.ActiveCfg = Debug|Any CPU
		{D33BCECF-FC78-4254-A7A1-B2AC9A7CA354}.Debug|Any CPU.Build.0 = Debug|Any CPU
		{D33BCECF-FC78-4254-A7A1-B2AC9A7CA354}.Debug|x64.ActiveCfg = Debug|Any CPU
		{D33BCECF-FC78-4254-A7A1-B2AC9A7CA354}.Debug|x64.Build.0 = Debug|Any CPU
		{D33BCECF-FC78-4254-A7A1-B2AC9A7CA354}.Debug|x86.ActiveCfg = Debug|Any CPU
		{D33BCECF-FC78-4254-A7A1-B2AC9A7CA354}.Debug|x86.Build.0 = Debug|Any CPU
		{D33BCECF-FC78-4254-A7A1-B2AC9A7CA354}.Release|Any CPU.ActiveCfg = Release|Any CPU
		{D33BCECF-FC78-4254-A7A1-B2AC9A7CA354}.Release|Any CPU.Build.0 = Release|Any CPU
		{D33BCECF-FC78-4254-A7A1-B2AC9A7CA354}.Release|x64.ActiveCfg = Release|Any CPU
		{D33BCECF-FC78-4254-A7A1-B2AC9A7CA354}.Release|x64.Build.0 = Release|Any CPU
		{D33BCECF-FC78-4254-A7A1-B2AC9A7CA354}.Release|x86.ActiveCfg = Release|Any CPU
		{D33BCECF-FC78-4254-A7A1-B2AC9A7CA354}.Release|x86.Build.0 = Release|Any CPU
		{95DDE1DE-1FD4-44F5-94A3-0D9F6AD47DBE}.Debug|Any CPU.ActiveCfg = Debug|Any CPU
		{95DDE1DE-1FD4-44F5-94A3-0D9F6AD47DBE}.Debug|Any CPU.Build.0 = Debug|Any CPU
		{95DDE1DE-1FD4-44F5-94A3-0D9F6AD47DBE}.Debug|x64.ActiveCfg = Debug|Any CPU
		{95DDE1DE-1FD4-44F5-94A3-0D9F6AD47DBE}.Debug|x64.Build.0 = Debug|Any CPU
		{95DDE1DE-1FD4-44F5-94A3-0D9F6AD47DBE}.Debug|x86.ActiveCfg = Debug|Any CPU
		{95DDE1DE-1FD4-44F5-94A3-0D9F6AD47DBE}.Debug|x86.Build.0 = Debug|Any CPU
		{95DDE1DE-1FD4-44F5-94A3-0D9F6AD47DBE}.Release|Any CPU.ActiveCfg = Release|Any CPU
		{95DDE1DE-1FD4-44F5-94A3-0D9F6AD47DBE}.Release|Any CPU.Build.0 = Release|Any CPU
		{95DDE1DE-1FD4-44F5-94A3-0D9F6AD47DBE}.Release|x64.ActiveCfg = Release|Any CPU
		{95DDE1DE-1FD4-44F5-94A3-0D9F6AD47DBE}.Release|x64.Build.0 = Release|Any CPU
		{95DDE1DE-1FD4-44F5-94A3-0D9F6AD47DBE}.Release|x86.ActiveCfg = Release|Any CPU
		{95DDE1DE-1FD4-44F5-94A3-0D9F6AD47DBE}.Release|x86.Build.0 = Release|Any CPU
		{09225B77-4FEE-4CC7-8D05-8D489629A1B2}.Debug|Any CPU.ActiveCfg = Debug|Any CPU
		{09225B77-4FEE-4CC7-8D05-8D489629A1B2}.Debug|Any CPU.Build.0 = Debug|Any CPU
		{09225B77-4FEE-4CC7-8D05-8D489629A1B2}.Debug|x64.ActiveCfg = Debug|Any CPU
		{09225B77-4FEE-4CC7-8D05-8D489629A1B2}.Debug|x64.Build.0 = Debug|Any CPU
		{09225B77-4FEE-4CC7-8D05-8D489629A1B2}.Debug|x86.ActiveCfg = Debug|Any CPU
		{09225B77-4FEE-4CC7-8D05-8D489629A1B2}.Debug|x86.Build.0 = Debug|Any CPU
		{09225B77-4FEE-4CC7-8D05-8D489629A1B2}.Release|Any CPU.ActiveCfg = Release|Any CPU
		{09225B77-4FEE-4CC7-8D05-8D489629A1B2}.Release|Any CPU.Build.0 = Release|Any CPU
		{09225B77-4FEE-4CC7-8D05-8D489629A1B2}.Release|x64.ActiveCfg = Release|Any CPU
		{09225B77-4FEE-4CC7-8D05-8D489629A1B2}.Release|x64.Build.0 = Release|Any CPU
		{09225B77-4FEE-4CC7-8D05-8D489629A1B2}.Release|x86.ActiveCfg = Release|Any CPU
		{09225B77-4FEE-4CC7-8D05-8D489629A1B2}.Release|x86.Build.0 = Release|Any CPU
		{5BB3ADCA-F27F-43A1-8412-D162B10574D6}.Debug|Any CPU.ActiveCfg = Debug|Any CPU
		{5BB3ADCA-F27F-43A1-8412-D162B10574D6}.Debug|Any CPU.Build.0 = Debug|Any CPU
		{5BB3ADCA-F27F-43A1-8412-D162B10574D6}.Debug|x64.ActiveCfg = Debug|Any CPU
		{5BB3ADCA-F27F-43A1-8412-D162B10574D6}.Debug|x64.Build.0 = Debug|Any CPU
		{5BB3ADCA-F27F-43A1-8412-D162B10574D6}.Debug|x86.ActiveCfg = Debug|Any CPU
		{5BB3ADCA-F27F-43A1-8412-D162B10574D6}.Debug|x86.Build.0 = Debug|Any CPU
		{5BB3ADCA-F27F-43A1-8412-D162B10574D6}.Release|Any CPU.ActiveCfg = Release|Any CPU
		{5BB3ADCA-F27F-43A1-8412-D162B10574D6}.Release|Any CPU.Build.0 = Release|Any CPU
		{5BB3ADCA-F27F-43A1-8412-D162B10574D6}.Release|x64.ActiveCfg = Release|Any CPU
		{5BB3ADCA-F27F-43A1-8412-D162B10574D6}.Release|x64.Build.0 = Release|Any CPU
		{5BB3ADCA-F27F-43A1-8412-D162B10574D6}.Release|x86.ActiveCfg = Release|Any CPU
		{5BB3ADCA-F27F-43A1-8412-D162B10574D6}.Release|x86.Build.0 = Release|Any CPU
		{9985BD1D-A35B-416A-98C4-8A19132AA4AB}.Debug|Any CPU.ActiveCfg = Debug|Any CPU
		{9985BD1D-A35B-416A-98C4-8A19132AA4AB}.Debug|Any CPU.Build.0 = Debug|Any CPU
		{9985BD1D-A35B-416A-98C4-8A19132AA4AB}.Debug|x64.ActiveCfg = Debug|Any CPU
		{9985BD1D-A35B-416A-98C4-8A19132AA4AB}.Debug|x64.Build.0 = Debug|Any CPU
		{9985BD1D-A35B-416A-98C4-8A19132AA4AB}.Debug|x86.ActiveCfg = Debug|Any CPU
		{9985BD1D-A35B-416A-98C4-8A19132AA4AB}.Debug|x86.Build.0 = Debug|Any CPU
		{9985BD1D-A35B-416A-98C4-8A19132AA4AB}.Release|Any CPU.ActiveCfg = Release|Any CPU
		{9985BD1D-A35B-416A-98C4-8A19132AA4AB}.Release|Any CPU.Build.0 = Release|Any CPU
		{9985BD1D-A35B-416A-98C4-8A19132AA4AB}.Release|x64.ActiveCfg = Release|Any CPU
		{9985BD1D-A35B-416A-98C4-8A19132AA4AB}.Release|x64.Build.0 = Release|Any CPU
		{9985BD1D-A35B-416A-98C4-8A19132AA4AB}.Release|x86.ActiveCfg = Release|Any CPU
		{9985BD1D-A35B-416A-98C4-8A19132AA4AB}.Release|x86.Build.0 = Release|Any CPU
		{801EC3BA-2A4A-4A83-A028-095F885C2920}.Debug|Any CPU.ActiveCfg = Debug|Any CPU
		{801EC3BA-2A4A-4A83-A028-095F885C2920}.Debug|Any CPU.Build.0 = Debug|Any CPU
		{801EC3BA-2A4A-4A83-A028-095F885C2920}.Debug|x64.ActiveCfg = Debug|Any CPU
		{801EC3BA-2A4A-4A83-A028-095F885C2920}.Debug|x64.Build.0 = Debug|Any CPU
		{801EC3BA-2A4A-4A83-A028-095F885C2920}.Debug|x86.ActiveCfg = Debug|Any CPU
		{801EC3BA-2A4A-4A83-A028-095F885C2920}.Debug|x86.Build.0 = Debug|Any CPU
		{801EC3BA-2A4A-4A83-A028-095F885C2920}.Release|Any CPU.ActiveCfg = Release|Any CPU
		{801EC3BA-2A4A-4A83-A028-095F885C2920}.Release|Any CPU.Build.0 = Release|Any CPU
		{801EC3BA-2A4A-4A83-A028-095F885C2920}.Release|x64.ActiveCfg = Release|Any CPU
		{801EC3BA-2A4A-4A83-A028-095F885C2920}.Release|x64.Build.0 = Release|Any CPU
		{801EC3BA-2A4A-4A83-A028-095F885C2920}.Release|x86.ActiveCfg = Release|Any CPU
		{801EC3BA-2A4A-4A83-A028-095F885C2920}.Release|x86.Build.0 = Release|Any CPU
	EndGlobalSection
	GlobalSection(SolutionProperties) = preSolution
		HideSolutionNode = FALSE
	EndGlobalSection
EndGlobal
